
Microsoft Visual Studio Solution File, Format Version 12.00
# Visual Studio Version 17
VisualStudioVersion = 17.14.36603.0 d17.14
MinimumVisualStudioVersion = 10.0.40219.1
Project("{FAE04EC0-301F-11D3-BF4B-00C04F79EFBC}") = "Tienda-Restaurante", "Tienda-Restaurante\Tienda-Restaurante.csproj", "{438352B0-4125-4053-937F-9B54430D0D00}"
EndProject
Global
	GlobalSection(SolutionConfigurationPlatforms) = preSolution
		Debug|Any CPU = Debug|Any CPU
		Release|Any CPU = Release|Any CPU
	EndGlobalSection
	GlobalSection(ProjectConfigurationPlatforms) = postSolution
		{438352B0-4125-4053-937F-9B54430D0D00}.Debug|Any CPU.ActiveCfg = Debug|Any CPU
		{438352B0-4125-4053-937F-9B54430D0D00}.Debug|Any CPU.Build.0 = Debug|Any CPU
		{438352B0-4125-4053-937F-9B54430D0D00}.Release|Any CPU.ActiveCfg = Release|Any CPU
		{438352B0-4125-4053-937F-9B54430D0D00}.Release|Any CPU.Build.0 = Release|Any CPU
	EndGlobalSection
	GlobalSection(SolutionProperties) = preSolution
		HideSolutionNode = FALSE
	EndGlobalSection
	GlobalSection(ExtensibilityGlobals) = postSolution
		SolutionGuid = {66CACD8F-9A57-4CE8-9A26-515B5AB21C93}
	EndGlobalSection
EndGlobal
